
Microsoft Visual Studio Solution File, Format Version 12.00
# Visual Studio Version 17
VisualStudioVersion = 17.5.002.0
MinimumVisualStudioVersion = 10.0.40219.1
Project("{9A19103F-16F7-4668-BE54-9A1E7A4F7556}") = "DBappp", "DBappp.csproj", "{56B150B7-2644-4C72-B778-EF001B51DA54}"
EndProject
Global
	GlobalSection(SolutionConfigurationPlatforms) = preSolution
		Debug|Any CPU = Debug|Any CPU
		Release|Any CPU = Release|Any CPU
	EndGlobalSection
	GlobalSection(ProjectConfigurationPlatforms) = postSolution
		{56B150B7-2644-4C72-B778-EF001B51DA54}.Debug|Any CPU.ActiveCfg = Debug|Any CPU
		{56B150B7-2644-4C72-B778-EF001B51DA54}.Debug|Any CPU.Build.0 = Debug|Any CPU
		{56B150B7-2644-4C72-B778-EF001B51DA54}.Release|Any CPU.ActiveCfg = Release|Any CPU
		{56B150B7-2644-4C72-B778-EF001B51DA54}.Release|Any CPU.Build.0 = Release|Any CPU
	EndGlobalSection
	GlobalSection(SolutionProperties) = preSolution
		HideSolutionNode = FALSE
	EndGlobalSection
	GlobalSection(ExtensibilityGlobals) = postSolution
		SolutionGuid = {4470C957-F180-4BAC-BC94-85E4F56D0419}
	EndGlobalSection
EndGlobal
